
Microsoft Visual Studio Solution File, Format Version 12.00
# Visual Studio Version 16
VisualStudioVersion = 16.0.31613.86
MinimumVisualStudioVersion = 10.0.40219.1
Project("{FAE04EC0-301F-11D3-BF4B-00C04F79EFBC}") = "Rentals", "Rentals.csproj", "{6481121C-03BD-42EF-BD82-CB5A377EFA11}"
EndProject
Global
	GlobalSection(SolutionConfigurationPlatforms) = preSolution
		Debug|Any CPU = Debug|Any CPU
		Release|Any CPU = Release|Any CPU
	EndGlobalSection
	GlobalSection(ProjectConfigurationPlatforms) = postSolution
		{6481121C-03BD-42EF-BD82-CB5A377EFA11}.Debug|Any CPU.ActiveCfg = Debug|Any CPU
		{6481121C-03BD-42EF-BD82-CB5A377EFA11}.Debug|Any CPU.Build.0 = Debug|Any CPU
		{6481121C-03BD-42EF-BD82-CB5A377EFA11}.Release|Any CPU.ActiveCfg = Release|Any CPU
		{6481121C-03BD-42EF-BD82-CB5A377EFA11}.Release|Any CPU.Build.0 = Release|Any CPU
	EndGlobalSection
	GlobalSection(SolutionProperties) = preSolution
		HideSolutionNode = FALSE
	EndGlobalSection
	GlobalSection(ExtensibilityGlobals) = postSolution
		SolutionGuid = {5FE76D76-7633-42BB-AD9A-804630599C4F}
	EndGlobalSection
EndGlobal
